
Microsoft Visual Studio Solution File, Format Version 12.00
# Visual Studio Version 17
VisualStudioVersion = 17.0.32126.317
MinimumVisualStudioVersion = 10.0.40219.1
Project("{FAE04EC0-301F-11D3-BF4B-00C04F79EFBC}") = "Sport", "Sport\Sport.csproj", "{C14F9D44-57AC-4E4E-B621-2814A96431CA}"
EndProject
Global
	GlobalSection(SolutionConfigurationPlatforms) = preSolution
		Debug|Any CPU = Debug|Any CPU
		Release|Any CPU = Release|Any CPU
	EndGlobalSection
	GlobalSection(ProjectConfigurationPlatforms) = postSolution
		{C14F9D44-57AC-4E4E-B621-2814A96431CA}.Debug|Any CPU.ActiveCfg = Debug|Any CPU
		{C14F9D44-57AC-4E4E-B621-2814A96431CA}.Debug|Any CPU.Build.0 = Debug|Any CPU
		{C14F9D44-57AC-4E4E-B621-2814A96431CA}.Release|Any CPU.ActiveCfg = Release|Any CPU
		{C14F9D44-57AC-4E4E-B621-2814A96431CA}.Release|Any CPU.Build.0 = Release|Any CPU
	EndGlobalSection
	GlobalSection(SolutionProperties) = preSolution
		HideSolutionNode = FALSE
	EndGlobalSection
	GlobalSection(ExtensibilityGlobals) = postSolution
		SolutionGuid = {9D3BE5CA-4BC3-4AD3-AA92-5CB40671E9C3}
	EndGlobalSection
EndGlobal
